// !$*UTF8*$!
{
	archiveVersion = 1;
	classes = {
	};
	objectVersion = 56;
	objects = {

/* Begin PBXBuildFile section */
		0B3D0F9529E6F80800E9D547 /* TransitionRoomLevel.swift in Sources */ = {isa = PBXBuildFile; fileRef = 0B3D0F9429E6F80800E9D547 /* TransitionRoomLevel.swift */; };
		0B3D0F9B29E71D3900E9D547 /* TransitionRoomScene.swift in Sources */ = {isa = PBXBuildFile; fileRef = 0B3D0F9A29E71D3900E9D547 /* TransitionRoomScene.swift */; };
		0B5F755F29F6B07D002CFC3D /* BedroomScene.swift in Sources */ = {isa = PBXBuildFile; fileRef = 0B5F755D29F6B07D002CFC3D /* BedroomScene.swift */; };
		0B5F756029F6B07D002CFC3D /* BedroomLevel.swift in Sources */ = {isa = PBXBuildFile; fileRef = 0B5F755E29F6B07D002CFC3D /* BedroomLevel.swift */; };
		0B5F756429F6C3FC002CFC3D /* BathroomScene.swift in Sources */ = {isa = PBXBuildFile; fileRef = 0B5F756329F6C3FC002CFC3D /* BathroomScene.swift */; };
		0B5F756629F6C425002CFC3D /* BathroomLevel.swift in Sources */ = {isa = PBXBuildFile; fileRef = 0B5F756529F6C425002CFC3D /* BathroomLevel.swift */; };
		0BC136A629DC627200D535CD /* PickableItem.swift in Sources */ = {isa = PBXBuildFile; fileRef = 0BC136A529DC627200D535CD /* PickableItem.swift */; };
		0BC136A829DC660B00D535CD /* InteractibleItem.swift in Sources */ = {isa = PBXBuildFile; fileRef = 0BC136A729DC660B00D535CD /* InteractibleItem.swift */; };
		0BC136AF29DC6D9B00D535CD /* Inventory.swift in Sources */ = {isa = PBXBuildFile; fileRef = 0BC136AE29DC6D9B00D535CD /* Inventory.swift */; };
		29124DAD29E443DE0044497F /* Point.swift in Sources */ = {isa = PBXBuildFile; fileRef = 29124DAC29E443DE0044497F /* Point.swift */; };
		29124DB529E583680044497F /* InteractionTypes.swift in Sources */ = {isa = PBXBuildFile; fileRef = 29124DB429E583680044497F /* InteractionTypes.swift */; };
		29A4458A29DAFE3300576D1C /* AppDelegate.swift in Sources */ = {isa = PBXBuildFile; fileRef = 29A4458929DAFE3300576D1C /* AppDelegate.swift */; };
		29A4459029DAFE3300576D1C /* GameScene.swift in Sources */ = {isa = PBXBuildFile; fileRef = 29A4458F29DAFE3300576D1C /* GameScene.swift */; };
		29A4459229DAFE3300576D1C /* GameViewController.swift in Sources */ = {isa = PBXBuildFile; fileRef = 29A4459129DAFE3300576D1C /* GameViewController.swift */; };
		29A4459529DAFE3300576D1C /* Main.storyboard in Resources */ = {isa = PBXBuildFile; fileRef = 29A4459329DAFE3300576D1C /* Main.storyboard */; };
		29A4459729DAFE3300576D1C /* Assets.xcassets in Resources */ = {isa = PBXBuildFile; fileRef = 29A4459629DAFE3300576D1C /* Assets.xcassets */; };
		29A4459A29DAFE3300576D1C /* LaunchScreen.storyboard in Resources */ = {isa = PBXBuildFile; fileRef = 29A4459829DAFE3300576D1C /* LaunchScreen.storyboard */; };
		29A445A329DB016100576D1C /* Hero.swift in Sources */ = {isa = PBXBuildFile; fileRef = 29A445A229DB016100576D1C /* Hero.swift */; };
		29A445A529DB035D00576D1C /* levelMapProtocol.swift in Sources */ = {isa = PBXBuildFile; fileRef = 29A445A429DB035D00576D1C /* levelMapProtocol.swift */; };
		29A445A929DB178E00576D1C /* IsoTileSet.sks in Resources */ = {isa = PBXBuildFile; fileRef = 29A445A829DB178E00576D1C /* IsoTileSet.sks */; };
		29A445AB29DB198C00576D1C /* TouchState.swift in Sources */ = {isa = PBXBuildFile; fileRef = 29A445AA29DB198C00576D1C /* TouchState.swift */; };
/* End PBXBuildFile section */

/* Begin PBXFileReference section */
		0B3D0F9429E6F80800E9D547 /* TransitionRoomLevel.swift */ = {isa = PBXFileReference; lastKnownFileType = sourcecode.swift; path = TransitionRoomLevel.swift; sourceTree = "<group>"; };
		0B3D0F9729E71C7E00E9D547 /* BedroomScene.swift */ = {isa = PBXFileReference; lastKnownFileType = sourcecode.swift; path = BedroomScene.swift; sourceTree = "<group>"; };
		0B3D0F9A29E71D3900E9D547 /* TransitionRoomScene.swift */ = {isa = PBXFileReference; lastKnownFileType = sourcecode.swift; path = TransitionRoomScene.swift; sourceTree = "<group>"; };
		0B5F755D29F6B07D002CFC3D /* BedroomScene.swift */ = {isa = PBXFileReference; fileEncoding = 4; lastKnownFileType = sourcecode.swift; path = BedroomScene.swift; sourceTree = "<group>"; };
		0B5F755E29F6B07D002CFC3D /* BedroomLevel.swift */ = {isa = PBXFileReference; fileEncoding = 4; lastKnownFileType = sourcecode.swift; path = BedroomLevel.swift; sourceTree = "<group>"; };
		0B5F756329F6C3FC002CFC3D /* BathroomScene.swift */ = {isa = PBXFileReference; lastKnownFileType = sourcecode.swift; path = BathroomScene.swift; sourceTree = "<group>"; };
		0B5F756529F6C425002CFC3D /* BathroomLevel.swift */ = {isa = PBXFileReference; lastKnownFileType = sourcecode.swift; path = BathroomLevel.swift; sourceTree = "<group>"; };
		0BC136A529DC627200D535CD /* PickableItem.swift */ = {isa = PBXFileReference; lastKnownFileType = sourcecode.swift; path = PickableItem.swift; sourceTree = "<group>"; };
		0BC136A729DC660B00D535CD /* InteractibleItem.swift */ = {isa = PBXFileReference; lastKnownFileType = sourcecode.swift; path = InteractibleItem.swift; sourceTree = "<group>"; };
		0BC136AE29DC6D9B00D535CD /* Inventory.swift */ = {isa = PBXFileReference; lastKnownFileType = sourcecode.swift; path = Inventory.swift; sourceTree = "<group>"; };
		29124DAC29E443DE0044497F /* Point.swift */ = {isa = PBXFileReference; lastKnownFileType = sourcecode.swift; path = Point.swift; sourceTree = "<group>"; };
		29124DB429E583680044497F /* InteractionTypes.swift */ = {isa = PBXFileReference; lastKnownFileType = sourcecode.swift; path = InteractionTypes.swift; sourceTree = "<group>"; };
		29A4458629DAFE3300576D1C /* Feri.app */ = {isa = PBXFileReference; explicitFileType = wrapper.application; includeInIndex = 0; path = Feri.app; sourceTree = BUILT_PRODUCTS_DIR; };
		29A4458929DAFE3300576D1C /* AppDelegate.swift */ = {isa = PBXFileReference; lastKnownFileType = sourcecode.swift; path = AppDelegate.swift; sourceTree = "<group>"; };
		29A4458F29DAFE3300576D1C /* GameScene.swift */ = {isa = PBXFileReference; lastKnownFileType = sourcecode.swift; path = GameScene.swift; sourceTree = "<group>"; };
		29A4459129DAFE3300576D1C /* GameViewController.swift */ = {isa = PBXFileReference; lastKnownFileType = sourcecode.swift; path = GameViewController.swift; sourceTree = "<group>"; };
		29A4459429DAFE3300576D1C /* Base */ = {isa = PBXFileReference; lastKnownFileType = file.storyboard; name = Base; path = Base.lproj/Main.storyboard; sourceTree = "<group>"; };
		29A4459629DAFE3300576D1C /* Assets.xcassets */ = {isa = PBXFileReference; lastKnownFileType = folder.assetcatalog; path = Assets.xcassets; sourceTree = "<group>"; };
		29A4459929DAFE3300576D1C /* Base */ = {isa = PBXFileReference; lastKnownFileType = file.storyboard; name = Base; path = Base.lproj/LaunchScreen.storyboard; sourceTree = "<group>"; };
		29A445A229DB016100576D1C /* Hero.swift */ = {isa = PBXFileReference; lastKnownFileType = sourcecode.swift; path = Hero.swift; sourceTree = "<group>"; };
		29A445A429DB035D00576D1C /* levelMapProtocol.swift */ = {isa = PBXFileReference; lastKnownFileType = sourcecode.swift; path = levelMapProtocol.swift; sourceTree = "<group>"; };
		29A445A829DB178E00576D1C /* IsoTileSet.sks */ = {isa = PBXFileReference; lastKnownFileType = file.sks; path = IsoTileSet.sks; sourceTree = "<group>"; };
		29A445AA29DB198C00576D1C /* TouchState.swift */ = {isa = PBXFileReference; lastKnownFileType = sourcecode.swift; path = TouchState.swift; sourceTree = "<group>"; };
/* End PBXFileReference section */

/* Begin PBXFrameworksBuildPhase section */
		29A4458329DAFE3300576D1C /* Frameworks */ = {
			isa = PBXFrameworksBuildPhase;
			buildActionMask = 2147483647;
			files = (
			);
			runOnlyForDeploymentPostprocessing = 0;
		};
/* End PBXFrameworksBuildPhase section */

/* Begin PBXGroup section */
		0B3D0F9129E6D9E600E9D547 /* Levels */ = {
			isa = PBXGroup;
			children = (
				0B5F756229F6C30E002CFC3D /* Balcony */,
				0B5F756129F6C2FF002CFC3D /* Bathroom */,
				0B5F755C29F6B07D002CFC3D /* Bedroom */,
				0B3D0F9929E71D2200E9D547 /* TransitionRoom */,
			);
			path = Levels;
			sourceTree = "<group>";
		};
		0B3D0F9929E71D2200E9D547 /* TransitionRoom */ = {
			isa = PBXGroup;
			children = (
				0B3D0F9429E6F80800E9D547 /* TransitionRoomLevel.swift */,
				0B3D0F9A29E71D3900E9D547 /* TransitionRoomScene.swift */,
			);
			path = TransitionRoom;
			sourceTree = "<group>";
		};
		0B5F755B29F6AFDE002CFC3D /* Recovered References */ = {
			isa = PBXGroup;
			children = (
				0B3D0F9729E71C7E00E9D547 /* BedroomScene.swift */,
			);
			name = "Recovered References";
			sourceTree = "<group>";
		};
		0B5F755C29F6B07D002CFC3D /* Bedroom */ = {
			isa = PBXGroup;
			children = (
				0B5F755D29F6B07D002CFC3D /* BedroomScene.swift */,
				0B5F755E29F6B07D002CFC3D /* BedroomLevel.swift */,
			);
			path = Bedroom;
			sourceTree = "<group>";
		};
		0B5F756129F6C2FF002CFC3D /* Bathroom */ = {
			isa = PBXGroup;
			children = (
				0B5F756329F6C3FC002CFC3D /* BathroomScene.swift */,
				0B5F756529F6C425002CFC3D /* BathroomLevel.swift */,
			);
			path = Bathroom;
			sourceTree = "<group>";
		};
		0B5F756229F6C30E002CFC3D /* Balcony */ = {
			isa = PBXGroup;
			children = (
			);
			path = Balcony;
			sourceTree = "<group>";
		};
		0BC136A929DC6B2800D535CD /* Nodes */ = {
			isa = PBXGroup;
			children = (
				0B3D0F9129E6D9E600E9D547 /* Levels */,
				29A445A229DB016100576D1C /* Hero.swift */,
				0BC136A529DC627200D535CD /* PickableItem.swift */,
				0BC136A729DC660B00D535CD /* InteractibleItem.swift */,
			);
			path = Nodes;
			sourceTree = "<group>";
		};
		0BC136AA29DC6BD400D535CD /* Protocols */ = {
			isa = PBXGroup;
			children = (
				29A445A429DB035D00576D1C /* levelMapProtocol.swift */,
			);
			path = Protocols;
			sourceTree = "<group>";
		};
		0BC136AB29DC6BEA00D535CD /* Resources */ = {
			isa = PBXGroup;
			children = (
				29A445A829DB178E00576D1C /* IsoTileSet.sks */,
				29A4459629DAFE3300576D1C /* Assets.xcassets */,
			);
			path = Resources;
			sourceTree = "<group>";
		};
		0BC136AD29DC6C0600D535CD /* Enums */ = {
			isa = PBXGroup;
			children = (
				29A445AA29DB198C00576D1C /* TouchState.swift */,
				29124DB429E583680044497F /* InteractionTypes.swift */,
			);
			path = Enums;
			sourceTree = "<group>";
		};
		0BC136B029DC709D00D535CD /* Global */ = {
			isa = PBXGroup;
			children = (
				0BC136AE29DC6D9B00D535CD /* Inventory.swift */,
				29124DAC29E443DE0044497F /* Point.swift */,
			);
			path = Global;
			sourceTree = "<group>";
		};
		29A4457D29DAFE3200576D1C = {
			isa = PBXGroup;
			children = (
				29A4458829DAFE3300576D1C /* Feri */,
				29A4458729DAFE3300576D1C /* Products */,
				0B5F755B29F6AFDE002CFC3D /* Recovered References */,
			);
			sourceTree = "<group>";
		};
		29A4458729DAFE3300576D1C /* Products */ = {
			isa = PBXGroup;
			children = (
				29A4458629DAFE3300576D1C /* Feri.app */,
			);
			name = Products;
			sourceTree = "<group>";
		};
		29A4458829DAFE3300576D1C /* Feri */ = {
			isa = PBXGroup;
			children = (
				0BC136B029DC709D00D535CD /* Global */,
				0BC136AD29DC6C0600D535CD /* Enums */,
				0BC136AB29DC6BEA00D535CD /* Resources */,
				0BC136AA29DC6BD400D535CD /* Protocols */,
				0BC136A929DC6B2800D535CD /* Nodes */,
				29A4458929DAFE3300576D1C /* AppDelegate.swift */,
				29A4458F29DAFE3300576D1C /* GameScene.swift */,
				29A4459129DAFE3300576D1C /* GameViewController.swift */,
				29A4459329DAFE3300576D1C /* Main.storyboard */,
				29A4459829DAFE3300576D1C /* LaunchScreen.storyboard */,
			);
			path = Feri;
			sourceTree = "<group>";
		};
/* End PBXGroup section */

/* Begin PBXNativeTarget section */
		29A4458529DAFE3300576D1C /* Feri */ = {
			isa = PBXNativeTarget;
			buildConfigurationList = 29A4459D29DAFE3300576D1C /* Build configuration list for PBXNativeTarget "Feri" */;
			buildPhases = (
				29A4458229DAFE3300576D1C /* Sources */,
				29A4458329DAFE3300576D1C /* Frameworks */,
				29A4458429DAFE3300576D1C /* Resources */,
			);
			buildRules = (
			);
			dependencies = (
			);
			name = Feri;
			productName = Feri;
			productReference = 29A4458629DAFE3300576D1C /* Feri.app */;
			productType = "com.apple.product-type.application";
		};
/* End PBXNativeTarget section */

/* Begin PBXProject section */
		29A4457E29DAFE3300576D1C /* Project object */ = {
			isa = PBXProject;
			attributes = {
				BuildIndependentTargetsInParallel = 1;
				LastSwiftUpdateCheck = 1410;
				LastUpgradeCheck = 1410;
				TargetAttributes = {
					29A4458529DAFE3300576D1C = {
						CreatedOnToolsVersion = 14.1;
					};
				};
			};
			buildConfigurationList = 29A4458129DAFE3300576D1C /* Build configuration list for PBXProject "Feri" */;
			compatibilityVersion = "Xcode 14.0";
			developmentRegion = en;
			hasScannedForEncodings = 0;
			knownRegions = (
				en,
				Base,
			);
			mainGroup = 29A4457D29DAFE3200576D1C;
			productRefGroup = 29A4458729DAFE3300576D1C /* Products */;
			projectDirPath = "";
			projectRoot = "";
			targets = (
				29A4458529DAFE3300576D1C /* Feri */,
			);
		};
/* End PBXProject section */

/* Begin PBXResourcesBuildPhase section */
		29A4458429DAFE3300576D1C /* Resources */ = {
			isa = PBXResourcesBuildPhase;
			buildActionMask = 2147483647;
			files = (
				29A4459529DAFE3300576D1C /* Main.storyboard in Resources */,
				29A4459729DAFE3300576D1C /* Assets.xcassets in Resources */,
				29A445A929DB178E00576D1C /* IsoTileSet.sks in Resources */,
				29A4459A29DAFE3300576D1C /* LaunchScreen.storyboard in Resources */,
			);
			runOnlyForDeploymentPostprocessing = 0;
		};
/* End PBXResourcesBuildPhase section */

/* Begin PBXSourcesBuildPhase section */
		29A4458229DAFE3300576D1C /* Sources */ = {
			isa = PBXSourcesBuildPhase;
			buildActionMask = 2147483647;
			files = (
				29A4459029DAFE3300576D1C /* GameScene.swift in Sources */,
				29A4459229DAFE3300576D1C /* GameViewController.swift in Sources */,
				0BC136AF29DC6D9B00D535CD /* Inventory.swift in Sources */,
				0B5F756029F6B07D002CFC3D /* BedroomLevel.swift in Sources */,
				29A445AB29DB198C00576D1C /* TouchState.swift in Sources */,
				0B5F756629F6C425002CFC3D /* BathroomLevel.swift in Sources */,
				29A445A529DB035D00576D1C /* levelMapProtocol.swift in Sources */,
				29A4458A29DAFE3300576D1C /* AppDelegate.swift in Sources */,
				0B5F755F29F6B07D002CFC3D /* BedroomScene.swift in Sources */,
				29124DAD29E443DE0044497F /* Point.swift in Sources */,
				0B5F756429F6C3FC002CFC3D /* BathroomScene.swift in Sources */,
				29A445A329DB016100576D1C /* Hero.swift in Sources */,
				0B3D0F9B29E71D3900E9D547 /* TransitionRoomScene.swift in Sources */,
				0BC136A629DC627200D535CD /* PickableItem.swift in Sources */,
				29124DB529E583680044497F /* InteractionTypes.swift in Sources */,
				0B3D0F9529E6F80800E9D547 /* TransitionRoomLevel.swift in Sources */,
				0BC136A829DC660B00D535CD /* InteractibleItem.swift in Sources */,
			);
			runOnlyForDeploymentPostprocessing = 0;
		};
/* End PBXSourcesBuildPhase section */

/* Begin PBXVariantGroup section */
		29A4459329DAFE3300576D1C /* Main.storyboard */ = {
			isa = PBXVariantGroup;
			children = (
				29A4459429DAFE3300576D1C /* Base */,
			);
			name = Main.storyboard;
			sourceTree = "<group>";
		};
		29A4459829DAFE3300576D1C /* LaunchScreen.storyboard */ = {
			isa = PBXVariantGroup;
			children = (
				29A4459929DAFE3300576D1C /* Base */,
			);
			name = LaunchScreen.storyboard;
			sourceTree = "<group>";
		};
/* End PBXVariantGroup section */

/* Begin XCBuildConfiguration section */
		29A4459B29DAFE3300576D1C /* Debug */ = {
			isa = XCBuildConfiguration;
			buildSettings = {
				ALWAYS_SEARCH_USER_PATHS = NO;
				CLANG_ANALYZER_NONNULL = YES;
				CLANG_ANALYZER_NUMBER_OBJECT_CONVERSION = YES_AGGRESSIVE;
				CLANG_CXX_LANGUAGE_STANDARD = "gnu++20";
				CLANG_ENABLE_MODULES = YES;
				CLANG_ENABLE_OBJC_ARC = YES;
				CLANG_ENABLE_OBJC_WEAK = YES;
				CLANG_WARN_BLOCK_CAPTURE_AUTORELEASING = YES;
				CLANG_WARN_BOOL_CONVERSION = YES;
				CLANG_WARN_COMMA = YES;
				CLANG_WARN_CONSTANT_CONVERSION = YES;
				CLANG_WARN_DEPRECATED_OBJC_IMPLEMENTATIONS = YES;
				CLANG_WARN_DIRECT_OBJC_ISA_USAGE = YES_ERROR;
				CLANG_WARN_DOCUMENTATION_COMMENTS = YES;
				CLANG_WARN_EMPTY_BODY = YES;
				CLANG_WARN_ENUM_CONVERSION = YES;
				CLANG_WARN_INFINITE_RECURSION = YES;
				CLANG_WARN_INT_CONVERSION = YES;
				CLANG_WARN_NON_LITERAL_NULL_CONVERSION = YES;
				CLANG_WARN_OBJC_IMPLICIT_RETAIN_SELF = YES;
				CLANG_WARN_OBJC_LITERAL_CONVERSION = YES;
				CLANG_WARN_OBJC_ROOT_CLASS = YES_ERROR;
				CLANG_WARN_QUOTED_INCLUDE_IN_FRAMEWORK_HEADER = YES;
				CLANG_WARN_RANGE_LOOP_ANALYSIS = YES;
				CLANG_WARN_STRICT_PROTOTYPES = YES;
				CLANG_WARN_SUSPICIOUS_MOVE = YES;
				CLANG_WARN_UNGUARDED_AVAILABILITY = YES_AGGRESSIVE;
				CLANG_WARN_UNREACHABLE_CODE = YES;
				CLANG_WARN__DUPLICATE_METHOD_MATCH = YES;
				COPY_PHASE_STRIP = NO;
				DEBUG_INFORMATION_FORMAT = dwarf;
				ENABLE_STRICT_OBJC_MSGSEND = YES;
				ENABLE_TESTABILITY = YES;
				GCC_C_LANGUAGE_STANDARD = gnu11;
				GCC_DYNAMIC_NO_PIC = NO;
				GCC_NO_COMMON_BLOCKS = YES;
				GCC_OPTIMIZATION_LEVEL = 0;
				GCC_PREPROCESSOR_DEFINITIONS = (
					"DEBUG=1",
					"$(inherited)",
				);
				GCC_WARN_64_TO_32_BIT_CONVERSION = YES;
				GCC_WARN_ABOUT_RETURN_TYPE = YES_ERROR;
				GCC_WARN_UNDECLARED_SELECTOR = YES;
				GCC_WARN_UNINITIALIZED_AUTOS = YES_AGGRESSIVE;
				GCC_WARN_UNUSED_FUNCTION = YES;
				GCC_WARN_UNUSED_VARIABLE = YES;
				IPHONEOS_DEPLOYMENT_TARGET = 16.1;
				MTL_ENABLE_DEBUG_INFO = INCLUDE_SOURCE;
				MTL_FAST_MATH = YES;
				ONLY_ACTIVE_ARCH = YES;
				SDKROOT = iphoneos;
				SWIFT_ACTIVE_COMPILATION_CONDITIONS = DEBUG;
				SWIFT_OPTIMIZATION_LEVEL = "-Onone";
			};
			name = Debug;
		};
		29A4459C29DAFE3300576D1C /* Release */ = {
			isa = XCBuildConfiguration;
			buildSettings = {
				ALWAYS_SEARCH_USER_PATHS = NO;
				CLANG_ANALYZER_NONNULL = YES;
				CLANG_ANALYZER_NUMBER_OBJECT_CONVERSION = YES_AGGRESSIVE;
				CLANG_CXX_LANGUAGE_STANDARD = "gnu++20";
				CLANG_ENABLE_MODULES = YES;
				CLANG_ENABLE_OBJC_ARC = YES;
				CLANG_ENABLE_OBJC_WEAK = YES;
				CLANG_WARN_BLOCK_CAPTURE_AUTORELEASING = YES;
				CLANG_WARN_BOOL_CONVERSION = YES;
				CLANG_WARN_COMMA = YES;
				CLANG_WARN_CONSTANT_CONVERSION = YES;
				CLANG_WARN_DEPRECATED_OBJC_IMPLEMENTATIONS = YES;
				CLANG_WARN_DIRECT_OBJC_ISA_USAGE = YES_ERROR;
				CLANG_WARN_DOCUMENTATION_COMMENTS = YES;
				CLANG_WARN_EMPTY_BODY = YES;
				CLANG_WARN_ENUM_CONVERSION = YES;
				CLANG_WARN_INFINITE_RECURSION = YES;
				CLANG_WARN_INT_CONVERSION = YES;
				CLANG_WARN_NON_LITERAL_NULL_CONVERSION = YES;
				CLANG_WARN_OBJC_IMPLICIT_RETAIN_SELF = YES;
				CLANG_WARN_OBJC_LITERAL_CONVERSION = YES;
				CLANG_WARN_OBJC_ROOT_CLASS = YES_ERROR;
				CLANG_WARN_QUOTED_INCLUDE_IN_FRAMEWORK_HEADER = YES;
				CLANG_WARN_RANGE_LOOP_ANALYSIS = YES;
				CLANG_WARN_STRICT_PROTOTYPES = YES;
				CLANG_WARN_SUSPICIOUS_MOVE = YES;
				CLANG_WARN_UNGUARDED_AVAILABILITY = YES_AGGRESSIVE;
				CLANG_WARN_UNREACHABLE_CODE = YES;
				CLANG_WARN__DUPLICATE_METHOD_MATCH = YES;
				COPY_PHASE_STRIP = NO;
				DEBUG_INFORMATION_FORMAT = "dwarf-with-dsym";
				ENABLE_NS_ASSERTIONS = NO;
				ENABLE_STRICT_OBJC_MSGSEND = YES;
				GCC_C_LANGUAGE_STANDARD = gnu11;
				GCC_NO_COMMON_BLOCKS = YES;
				GCC_WARN_64_TO_32_BIT_CONVERSION = YES;
				GCC_WARN_ABOUT_RETURN_TYPE = YES_ERROR;
				GCC_WARN_UNDECLARED_SELECTOR = YES;
				GCC_WARN_UNINITIALIZED_AUTOS = YES_AGGRESSIVE;
				GCC_WARN_UNUSED_FUNCTION = YES;
				GCC_WARN_UNUSED_VARIABLE = YES;
				IPHONEOS_DEPLOYMENT_TARGET = 16.1;
				MTL_ENABLE_DEBUG_INFO = NO;
				MTL_FAST_MATH = YES;
				SDKROOT = iphoneos;
				SWIFT_COMPILATION_MODE = wholemodule;
				SWIFT_OPTIMIZATION_LEVEL = "-O";
				VALIDATE_PRODUCT = YES;
			};
			name = Release;
		};
		29A4459E29DAFE3300576D1C /* Debug */ = {
			isa = XCBuildConfiguration;
			buildSettings = {
				ASSETCATALOG_COMPILER_APPICON_NAME = AppIcon;
				ASSETCATALOG_COMPILER_GLOBAL_ACCENT_COLOR_NAME = AccentColor;
				CODE_SIGN_STYLE = Automatic;
				CURRENT_PROJECT_VERSION = 1;
				DEVELOPMENT_TEAM = 8YQ35HP37L;
				GENERATE_INFOPLIST_FILE = YES;
				INFOPLIST_KEY_UIApplicationSupportsIndirectInputEvents = YES;
				INFOPLIST_KEY_UILaunchStoryboardName = LaunchScreen;
				INFOPLIST_KEY_UIMainStoryboardFile = Main;
				INFOPLIST_KEY_UIStatusBarHidden = YES;
				INFOPLIST_KEY_UISupportedInterfaceOrientations_iPad = "UIInterfaceOrientationPortrait UIInterfaceOrientationPortraitUpsideDown UIInterfaceOrientationLandscapeLeft UIInterfaceOrientationLandscapeRight";
				INFOPLIST_KEY_UISupportedInterfaceOrientations_iPhone = "UIInterfaceOrientationPortrait UIInterfaceOrientationLandscapeLeft UIInterfaceOrientationLandscapeRight";
				LD_RUNPATH_SEARCH_PATHS = (
					"$(inherited)",
					"@executable_path/Frameworks",
				);
				MARKETING_VERSION = 1.0;
				PRODUCT_BUNDLE_IDENTIFIER = otavioalbuquerque.Feri;
				PRODUCT_NAME = "$(TARGET_NAME)";
				SWIFT_EMIT_LOC_STRINGS = YES;
				SWIFT_VERSION = 5.0;
				TARGETED_DEVICE_FAMILY = "1,2";
			};
			name = Debug;
		};
		29A4459F29DAFE3300576D1C /* Release */ = {
			isa = XCBuildConfiguration;
			buildSettings = {
				ASSETCATALOG_COMPILER_APPICON_NAME = AppIcon;
				ASSETCATALOG_COMPILER_GLOBAL_ACCENT_COLOR_NAME = AccentColor;
				CODE_SIGN_STYLE = Automatic;
				CURRENT_PROJECT_VERSION = 1;
				DEVELOPMENT_TEAM = 8YQ35HP37L;
				GENERATE_INFOPLIST_FILE = YES;
				INFOPLIST_KEY_UIApplicationSupportsIndirectInputEvents = YES;
				INFOPLIST_KEY_UILaunchStoryboardName = LaunchScreen;
				INFOPLIST_KEY_UIMainStoryboardFile = Main;
				INFOPLIST_KEY_UIStatusBarHidden = YES;
				INFOPLIST_KEY_UISupportedInterfaceOrientations_iPad = "UIInterfaceOrientationPortrait UIInterfaceOrientationPortraitUpsideDown UIInterfaceOrientationLandscapeLeft UIInterfaceOrientationLandscapeRight";
				INFOPLIST_KEY_UISupportedInterfaceOrientations_iPhone = "UIInterfaceOrientationPortrait UIInterfaceOrientationLandscapeLeft UIInterfaceOrientationLandscapeRight";
				LD_RUNPATH_SEARCH_PATHS = (
					"$(inherited)",
					"@executable_path/Frameworks",
				);
				MARKETING_VERSION = 1.0;
				PRODUCT_BUNDLE_IDENTIFIER = otavioalbuquerque.Feri;
				PRODUCT_NAME = "$(TARGET_NAME)";
				SWIFT_EMIT_LOC_STRINGS = YES;
				SWIFT_VERSION = 5.0;
				TARGETED_DEVICE_FAMILY = "1,2";
			};
			name = Release;
		};
/* End XCBuildConfiguration section */

/* Begin XCConfigurationList section */
		29A4458129DAFE3300576D1C /* Build configuration list for PBXProject "Feri" */ = {
			isa = XCConfigurationList;
			buildConfigurations = (
				29A4459B29DAFE3300576D1C /* Debug */,
				29A4459C29DAFE3300576D1C /* Release */,
			);
			defaultConfigurationIsVisible = 0;
			defaultConfigurationName = Release;
		};
		29A4459D29DAFE3300576D1C /* Build configuration list for PBXNativeTarget "Feri" */ = {
			isa = XCConfigurationList;
			buildConfigurations = (
				29A4459E29DAFE3300576D1C /* Debug */,
				29A4459F29DAFE3300576D1C /* Release */,
			);
			defaultConfigurationIsVisible = 0;
			defaultConfigurationName = Release;
		};
/* End XCConfigurationList section */
	};
	rootObject = 29A4457E29DAFE3300576D1C /* Project object */;
}
